// !$*UTF8*$!
{
	archiveVersion = 1;
	classes = {
	};
	objectVersion = 50;
	objects = {

/* Begin PBXBuildFile section */
		9673887B2751EDBA00AC9280 /* AppDelegate.swift in Sources */ = {isa = PBXBuildFile; fileRef = 9673887A2751EDBA00AC9280 /* AppDelegate.swift */; };
		9673887F2751EDBA00AC9280 /* ViewController.swift in Sources */ = {isa = PBXBuildFile; fileRef = 9673887E2751EDBA00AC9280 /* ViewController.swift */; };
		967388822751EDBA00AC9280 /* Main.storyboard in Resources */ = {isa = PBXBuildFile; fileRef = 967388802751EDBA00AC9280 /* Main.storyboard */; };
		967388842751EDC100AC9280 /* Assets.xcassets in Resources */ = {isa = PBXBuildFile; fileRef = 967388832751EDC100AC9280 /* Assets.xcassets */; };
		967388872751EDC100AC9280 /* LaunchScreen.storyboard in Resources */ = {isa = PBXBuildFile; fileRef = 967388852751EDC100AC9280 /* LaunchScreen.storyboard */; };
		967388922751EDC200AC9280 /* NimbleTests.swift in Sources */ = {isa = PBXBuildFile; fileRef = 967388912751EDC200AC9280 /* NimbleTests.swift */; };
		9673889D2751EDC200AC9280 /* NimbleUITests.swift in Sources */ = {isa = PBXBuildFile; fileRef = 9673889C2751EDC200AC9280 /* NimbleUITests.swift */; };
		967388B72751F0A500AC9280 /* SceneDelegate.swift in Sources */ = {isa = PBXBuildFile; fileRef = 967388B62751F0A500AC9280 /* SceneDelegate.swift */; };
		967388C32752882400AC9280 /* LoginViewControllerTest.swift in Sources */ = {isa = PBXBuildFile; fileRef = 967388C22752882400AC9280 /* LoginViewControllerTest.swift */; };
		967388DD27562CCD00AC9280 /* SurveyContainerVC.swift in Sources */ = {isa = PBXBuildFile; fileRef = 967388DC27562CCD00AC9280 /* SurveyContainerVC.swift */; };
		967388E227562CFC00AC9280 /* SurveyPageViewController.swift in Sources */ = {isa = PBXBuildFile; fileRef = 967388E127562CFC00AC9280 /* SurveyPageViewController.swift */; };
		967388E727562D0900AC9280 /* SurveyViewController.swift in Sources */ = {isa = PBXBuildFile; fileRef = 967388E627562D0900AC9280 /* SurveyViewController.swift */; };
/* End PBXBuildFile section */

/* Begin PBXContainerItemProxy section */
		9673888E2751EDC200AC9280 /* PBXContainerItemProxy */ = {
			isa = PBXContainerItemProxy;
			containerPortal = 9673886F2751EDBA00AC9280 /* Project object */;
			proxyType = 1;
			remoteGlobalIDString = 967388762751EDBA00AC9280;
			remoteInfo = Nimble;
		};
		967388992751EDC200AC9280 /* PBXContainerItemProxy */ = {
			isa = PBXContainerItemProxy;
			containerPortal = 9673886F2751EDBA00AC9280 /* Project object */;
			proxyType = 1;
			remoteGlobalIDString = 967388762751EDBA00AC9280;
			remoteInfo = Nimble;
		};
/* End PBXContainerItemProxy section */

/* Begin PBXFileReference section */
		967388772751EDBA00AC9280 /* Nimble.app */ = {isa = PBXFileReference; explicitFileType = wrapper.application; includeInIndex = 0; path = Nimble.app; sourceTree = BUILT_PRODUCTS_DIR; };
		9673887A2751EDBA00AC9280 /* AppDelegate.swift */ = {isa = PBXFileReference; lastKnownFileType = sourcecode.swift; path = AppDelegate.swift; sourceTree = "<group>"; };
		9673887E2751EDBA00AC9280 /* ViewController.swift */ = {isa = PBXFileReference; lastKnownFileType = sourcecode.swift; path = ViewController.swift; sourceTree = "<group>"; };
		967388812751EDBA00AC9280 /* Base */ = {isa = PBXFileReference; lastKnownFileType = file.storyboard; name = Base; path = Base.lproj/Main.storyboard; sourceTree = "<group>"; };
		967388832751EDC100AC9280 /* Assets.xcassets */ = {isa = PBXFileReference; lastKnownFileType = folder.assetcatalog; path = Assets.xcassets; sourceTree = "<group>"; };
		967388862751EDC100AC9280 /* Base */ = {isa = PBXFileReference; lastKnownFileType = file.storyboard; name = Base; path = Base.lproj/LaunchScreen.storyboard; sourceTree = "<group>"; };
		967388882751EDC100AC9280 /* Info.plist */ = {isa = PBXFileReference; lastKnownFileType = text.plist.xml; path = Info.plist; sourceTree = "<group>"; };
		9673888D2751EDC200AC9280 /* NimbleTests.xctest */ = {isa = PBXFileReference; explicitFileType = wrapper.cfbundle; includeInIndex = 0; path = NimbleTests.xctest; sourceTree = BUILT_PRODUCTS_DIR; };
		967388912751EDC200AC9280 /* NimbleTests.swift */ = {isa = PBXFileReference; lastKnownFileType = sourcecode.swift; path = NimbleTests.swift; sourceTree = "<group>"; };
		967388932751EDC200AC9280 /* Info.plist */ = {isa = PBXFileReference; lastKnownFileType = text.plist.xml; path = Info.plist; sourceTree = "<group>"; };
		967388982751EDC200AC9280 /* NimbleUITests.xctest */ = {isa = PBXFileReference; explicitFileType = wrapper.cfbundle; includeInIndex = 0; path = NimbleUITests.xctest; sourceTree = BUILT_PRODUCTS_DIR; };
		9673889C2751EDC200AC9280 /* NimbleUITests.swift */ = {isa = PBXFileReference; lastKnownFileType = sourcecode.swift; path = NimbleUITests.swift; sourceTree = "<group>"; };
		9673889E2751EDC200AC9280 /* Info.plist */ = {isa = PBXFileReference; lastKnownFileType = text.plist.xml; path = Info.plist; sourceTree = "<group>"; };
		967388B62751F0A500AC9280 /* SceneDelegate.swift */ = {isa = PBXFileReference; fileEncoding = 4; lastKnownFileType = sourcecode.swift; path = SceneDelegate.swift; sourceTree = "<group>"; };
		967388C22752882400AC9280 /* LoginViewControllerTest.swift */ = {isa = PBXFileReference; lastKnownFileType = sourcecode.swift; path = LoginViewControllerTest.swift; sourceTree = "<group>"; };
		967388DC27562CCD00AC9280 /* SurveyContainerVC.swift */ = {isa = PBXFileReference; lastKnownFileType = sourcecode.swift; path = SurveyContainerVC.swift; sourceTree = "<group>"; };
		967388E127562CFC00AC9280 /* SurveyPageViewController.swift */ = {isa = PBXFileReference; lastKnownFileType = sourcecode.swift; path = SurveyPageViewController.swift; sourceTree = "<group>"; };
		967388E627562D0900AC9280 /* SurveyViewController.swift */ = {isa = PBXFileReference; lastKnownFileType = sourcecode.swift; path = SurveyViewController.swift; sourceTree = "<group>"; };
/* End PBXFileReference section */

/* Begin PBXFrameworksBuildPhase section */
		967388742751EDBA00AC9280 /* Frameworks */ = {
			isa = PBXFrameworksBuildPhase;
			buildActionMask = 2147483647;
			files = (
			);
			runOnlyForDeploymentPostprocessing = 0;
		};
		9673888A2751EDC200AC9280 /* Frameworks */ = {
			isa = PBXFrameworksBuildPhase;
			buildActionMask = 2147483647;
			files = (
			);
			runOnlyForDeploymentPostprocessing = 0;
		};
		967388952751EDC200AC9280 /* Frameworks */ = {
			isa = PBXFrameworksBuildPhase;
			buildActionMask = 2147483647;
			files = (
			);
			runOnlyForDeploymentPostprocessing = 0;
		};
/* End PBXFrameworksBuildPhase section */

/* Begin PBXGroup section */
		9673886E2751EDBA00AC9280 = {
			isa = PBXGroup;
			children = (
				967388792751EDBA00AC9280 /* Nimble */,
				967388902751EDC200AC9280 /* NimbleTests */,
				9673889B2751EDC200AC9280 /* NimbleUITests */,
				967388782751EDBA00AC9280 /* Products */,
			);
			sourceTree = "<group>";
		};
		967388782751EDBA00AC9280 /* Products */ = {
			isa = PBXGroup;
			children = (
				967388772751EDBA00AC9280 /* Nimble.app */,
				9673888D2751EDC200AC9280 /* NimbleTests.xctest */,
				967388982751EDC200AC9280 /* NimbleUITests.xctest */,
			);
			name = Products;
			sourceTree = "<group>";
		};
		967388792751EDBA00AC9280 /* Nimble */ = {
			isa = PBXGroup;
			children = (
				967388C12752427100AC9280 /* Application */,
				967388C02752426C00AC9280 /* Model */,
				967388BF2752426200AC9280 /* View */,
				967388BE2752425A00AC9280 /* ViewModel */,
				967388BD2752423D00AC9280 /* Networking */,
				967388BC2752423600AC9280 /* Common */,
				967388BB2752422200AC9280 /* StoryBoard */,
				967388832751EDC100AC9280 /* Assets.xcassets */,
				967388882751EDC100AC9280 /* Info.plist */,
			);
			path = Nimble;
			sourceTree = "<group>";
		};
		967388902751EDC200AC9280 /* NimbleTests */ = {
			isa = PBXGroup;
			children = (
				967388912751EDC200AC9280 /* NimbleTests.swift */,
				967388932751EDC200AC9280 /* Info.plist */,
				967388C22752882400AC9280 /* LoginViewControllerTest.swift */,
			);
			path = NimbleTests;
			sourceTree = "<group>";
		};
		9673889B2751EDC200AC9280 /* NimbleUITests */ = {
			isa = PBXGroup;
			children = (
				9673889C2751EDC200AC9280 /* NimbleUITests.swift */,
				9673889E2751EDC200AC9280 /* Info.plist */,
			);
			path = NimbleUITests;
			sourceTree = "<group>";
		};
		967388BB2752422200AC9280 /* StoryBoard */ = {
			isa = PBXGroup;
			children = (
				967388852751EDC100AC9280 /* LaunchScreen.storyboard */,
			);
			path = StoryBoard;
			sourceTree = "<group>";
		};
		967388BC2752423600AC9280 /* Common */ = {
			isa = PBXGroup;
			children = (
			);
			path = Common;
			sourceTree = "<group>";
		};
		967388BD2752423D00AC9280 /* Networking */ = {
			isa = PBXGroup;
			children = (
			);
			path = Networking;
			sourceTree = "<group>";
		};
		967388BE2752425A00AC9280 /* ViewModel */ = {
			isa = PBXGroup;
			children = (
			);
			path = ViewModel;
			sourceTree = "<group>";
		};
		967388BF2752426200AC9280 /* View */ = {
			isa = PBXGroup;
			children = (
				967388802751EDBA00AC9280 /* Main.storyboard */,
				9673887E2751EDBA00AC9280 /* ViewController.swift */,
				967388DC27562CCD00AC9280 /* SurveyContainerVC.swift */,
				967388E127562CFC00AC9280 /* SurveyPageViewController.swift */,
				967388E627562D0900AC9280 /* SurveyViewController.swift */,
			);
			path = View;
			sourceTree = "<group>";
		};
		967388C02752426C00AC9280 /* Model */ = {
			isa = PBXGroup;
			children = (
			);
			path = Model;
			sourceTree = "<group>";
		};
		967388C12752427100AC9280 /* Application */ = {
			isa = PBXGroup;
			children = (
				967388B62751F0A500AC9280 /* SceneDelegate.swift */,
				9673887A2751EDBA00AC9280 /* AppDelegate.swift */,
			);
			path = Application;
			sourceTree = "<group>";
		};
/* End PBXGroup section */

/* Begin PBXNativeTarget section */
		967388762751EDBA00AC9280 /* Nimble */ = {
			isa = PBXNativeTarget;
			buildConfigurationList = 967388A12751EDC200AC9280 /* Build configuration list for PBXNativeTarget "Nimble" */;
			buildPhases = (
				967388732751EDBA00AC9280 /* Sources */,
				967388742751EDBA00AC9280 /* Frameworks */,
				967388752751EDBA00AC9280 /* Resources */,
			);
			buildRules = (
			);
			dependencies = (
			);
			name = Nimble;
			productName = Nimble;
			productReference = 967388772751EDBA00AC9280 /* Nimble.app */;
			productType = "com.apple.product-type.application";
		};
		9673888C2751EDC200AC9280 /* NimbleTests */ = {
			isa = PBXNativeTarget;
			buildConfigurationList = 967388A42751EDC200AC9280 /* Build configuration list for PBXNativeTarget "NimbleTests" */;
			buildPhases = (
				967388892751EDC200AC9280 /* Sources */,
				9673888A2751EDC200AC9280 /* Frameworks */,
				9673888B2751EDC200AC9280 /* Resources */,
			);
			buildRules = (
			);
			dependencies = (
				9673888F2751EDC200AC9280 /* PBXTargetDependency */,
			);
			name = NimbleTests;
			productName = NimbleTests;
			productReference = 9673888D2751EDC200AC9280 /* NimbleTests.xctest */;
			productType = "com.apple.product-type.bundle.unit-test";
		};
		967388972751EDC200AC9280 /* NimbleUITests */ = {
			isa = PBXNativeTarget;
			buildConfigurationList = 967388A72751EDC200AC9280 /* Build configuration list for PBXNativeTarget "NimbleUITests" */;
			buildPhases = (
				967388942751EDC200AC9280 /* Sources */,
				967388952751EDC200AC9280 /* Frameworks */,
				967388962751EDC200AC9280 /* Resources */,
			);
			buildRules = (
			);
			dependencies = (
				9673889A2751EDC200AC9280 /* PBXTargetDependency */,
			);
			name = NimbleUITests;
			productName = NimbleUITests;
			productReference = 967388982751EDC200AC9280 /* NimbleUITests.xctest */;
			productType = "com.apple.product-type.bundle.ui-testing";
		};
/* End PBXNativeTarget section */

/* Begin PBXProject section */
		9673886F2751EDBA00AC9280 /* Project object */ = {
			isa = PBXProject;
			attributes = {
				LastSwiftUpdateCheck = 1230;
				LastUpgradeCheck = 1230;
				TargetAttributes = {
					967388762751EDBA00AC9280 = {
						CreatedOnToolsVersion = 12.3;
					};
					9673888C2751EDC200AC9280 = {
						CreatedOnToolsVersion = 12.3;
						TestTargetID = 967388762751EDBA00AC9280;
					};
					967388972751EDC200AC9280 = {
						CreatedOnToolsVersion = 12.3;
						TestTargetID = 967388762751EDBA00AC9280;
					};
				};
			};
			buildConfigurationList = 967388722751EDBA00AC9280 /* Build configuration list for PBXProject "Nimble" */;
			compatibilityVersion = "Xcode 9.3";
			developmentRegion = en;
			hasScannedForEncodings = 0;
			knownRegions = (
				en,
				Base,
			);
			mainGroup = 9673886E2751EDBA00AC9280;
			productRefGroup = 967388782751EDBA00AC9280 /* Products */;
			projectDirPath = "";
			projectRoot = "";
			targets = (
				967388762751EDBA00AC9280 /* Nimble */,
				9673888C2751EDC200AC9280 /* NimbleTests */,
				967388972751EDC200AC9280 /* NimbleUITests */,
			);
		};
/* End PBXProject section */

/* Begin PBXResourcesBuildPhase section */
		967388752751EDBA00AC9280 /* Resources */ = {
			isa = PBXResourcesBuildPhase;
			buildActionMask = 2147483647;
			files = (
				967388872751EDC100AC9280 /* LaunchScreen.storyboard in Resources */,
				967388842751EDC100AC9280 /* Assets.xcassets in Resources */,
				967388822751EDBA00AC9280 /* Main.storyboard in Resources */,
			);
			runOnlyForDeploymentPostprocessing = 0;
		};
		9673888B2751EDC200AC9280 /* Resources */ = {
			isa = PBXResourcesBuildPhase;
			buildActionMask = 2147483647;
			files = (
			);
			runOnlyForDeploymentPostprocessing = 0;
		};
		967388962751EDC200AC9280 /* Resources */ = {
			isa = PBXResourcesBuildPhase;
			buildActionMask = 2147483647;
			files = (
			);
			runOnlyForDeploymentPostprocessing = 0;
		};
/* End PBXResourcesBuildPhase section */

/* Begin PBXSourcesBuildPhase section */
		967388732751EDBA00AC9280 /* Sources */ = {
			isa = PBXSourcesBuildPhase;
			buildActionMask = 2147483647;
			files = (
				967388DD27562CCD00AC9280 /* SurveyContainerVC.swift in Sources */,
				9673887F2751EDBA00AC9280 /* ViewController.swift in Sources */,
				9673887B2751EDBA00AC9280 /* AppDelegate.swift in Sources */,
				967388B72751F0A500AC9280 /* SceneDelegate.swift in Sources */,
				967388E727562D0900AC9280 /* SurveyViewController.swift in Sources */,
				967388E227562CFC00AC9280 /* SurveyPageViewController.swift in Sources */,
			);
			runOnlyForDeploymentPostprocessing = 0;
		};
		967388892751EDC200AC9280 /* Sources */ = {
			isa = PBXSourcesBuildPhase;
			buildActionMask = 2147483647;
			files = (
				967388C32752882400AC9280 /* LoginViewControllerTest.swift in Sources */,
				967388922751EDC200AC9280 /* NimbleTests.swift in Sources */,
			);
			runOnlyForDeploymentPostprocessing = 0;
		};
		967388942751EDC200AC9280 /* Sources */ = {
			isa = PBXSourcesBuildPhase;
			buildActionMask = 2147483647;
			files = (
				9673889D2751EDC200AC9280 /* NimbleUITests.swift in Sources */,
			);
			runOnlyForDeploymentPostprocessing = 0;
		};
/* End PBXSourcesBuildPhase section */

/* Begin PBXTargetDependency section */
		9673888F2751EDC200AC9280 /* PBXTargetDependency */ = {
			isa = PBXTargetDependency;
			target = 967388762751EDBA00AC9280 /* Nimble */;
			targetProxy = 9673888E2751EDC200AC9280 /* PBXContainerItemProxy */;
		};
		9673889A2751EDC200AC9280 /* PBXTargetDependency */ = {
			isa = PBXTargetDependency;
			target = 967388762751EDBA00AC9280 /* Nimble */;
			targetProxy = 967388992751EDC200AC9280 /* PBXContainerItemProxy */;
		};
/* End PBXTargetDependency section */

/* Begin PBXVariantGroup section */
		967388802751EDBA00AC9280 /* Main.storyboard */ = {
			isa = PBXVariantGroup;
			children = (
				967388812751EDBA00AC9280 /* Base */,
			);
			name = Main.storyboard;
			sourceTree = "<group>";
		};
		967388852751EDC100AC9280 /* LaunchScreen.storyboard */ = {
			isa = PBXVariantGroup;
			children = (
				967388862751EDC100AC9280 /* Base */,
			);
			name = LaunchScreen.storyboard;
			sourceTree = "<group>";
		};
/* End PBXVariantGroup section */

/* Begin XCBuildConfiguration section */
		9673889F2751EDC200AC9280 /* Debug */ = {
			isa = XCBuildConfiguration;
			buildSettings = {
				ALWAYS_SEARCH_USER_PATHS = NO;
				CLANG_ANALYZER_NONNULL = YES;
				CLANG_ANALYZER_NUMBER_OBJECT_CONVERSION = YES_AGGRESSIVE;
				CLANG_CXX_LANGUAGE_STANDARD = "gnu++14";
				CLANG_CXX_LIBRARY = "libc++";
				CLANG_ENABLE_MODULES = YES;
				CLANG_ENABLE_OBJC_ARC = YES;
				CLANG_ENABLE_OBJC_WEAK = YES;
				CLANG_WARN_BLOCK_CAPTURE_AUTORELEASING = YES;
				CLANG_WARN_BOOL_CONVERSION = YES;
				CLANG_WARN_COMMA = YES;
				CLANG_WARN_CONSTANT_CONVERSION = YES;
				CLANG_WARN_DEPRECATED_OBJC_IMPLEMENTATIONS = YES;
				CLANG_WARN_DIRECT_OBJC_ISA_USAGE = YES_ERROR;
				CLANG_WARN_DOCUMENTATION_COMMENTS = YES;
				CLANG_WARN_EMPTY_BODY = YES;
				CLANG_WARN_ENUM_CONVERSION = YES;
				CLANG_WARN_INFINITE_RECURSION = YES;
				CLANG_WARN_INT_CONVERSION = YES;
				CLANG_WARN_NON_LITERAL_NULL_CONVERSION = YES;
				CLANG_WARN_OBJC_IMPLICIT_RETAIN_SELF = YES;
				CLANG_WARN_OBJC_LITERAL_CONVERSION = YES;
				CLANG_WARN_OBJC_ROOT_CLASS = YES_ERROR;
				CLANG_WARN_QUOTED_INCLUDE_IN_FRAMEWORK_HEADER = YES;
				CLANG_WARN_RANGE_LOOP_ANALYSIS = YES;
				CLANG_WARN_STRICT_PROTOTYPES = YES;
				CLANG_WARN_SUSPICIOUS_MOVE = YES;
				CLANG_WARN_UNGUARDED_AVAILABILITY = YES_AGGRESSIVE;
				CLANG_WARN_UNREACHABLE_CODE = YES;
				CLANG_WARN__DUPLICATE_METHOD_MATCH = YES;
				COPY_PHASE_STRIP = NO;
				DEBUG_INFORMATION_FORMAT = dwarf;
				ENABLE_STRICT_OBJC_MSGSEND = YES;
				ENABLE_TESTABILITY = YES;
				GCC_C_LANGUAGE_STANDARD = gnu11;
				GCC_DYNAMIC_NO_PIC = NO;
				GCC_NO_COMMON_BLOCKS = YES;
				GCC_OPTIMIZATION_LEVEL = 0;
				GCC_PREPROCESSOR_DEFINITIONS = (
					"DEBUG=1",
					"$(inherited)",
				);
				GCC_WARN_64_TO_32_BIT_CONVERSION = YES;
				GCC_WARN_ABOUT_RETURN_TYPE = YES_ERROR;
				GCC_WARN_UNDECLARED_SELECTOR = YES;
				GCC_WARN_UNINITIALIZED_AUTOS = YES_AGGRESSIVE;
				GCC_WARN_UNUSED_FUNCTION = YES;
				GCC_WARN_UNUSED_VARIABLE = YES;
				IPHONEOS_DEPLOYMENT_TARGET = 14.3;
				MTL_ENABLE_DEBUG_INFO = INCLUDE_SOURCE;
				MTL_FAST_MATH = YES;
				ONLY_ACTIVE_ARCH = YES;
				SDKROOT = iphoneos;
				SWIFT_ACTIVE_COMPILATION_CONDITIONS = DEBUG;
				SWIFT_OPTIMIZATION_LEVEL = "-Onone";
			};
			name = Debug;
		};
		967388A02751EDC200AC9280 /* Release */ = {
			isa = XCBuildConfiguration;
			buildSettings = {
				ALWAYS_SEARCH_USER_PATHS = NO;
				CLANG_ANALYZER_NONNULL = YES;
				CLANG_ANALYZER_NUMBER_OBJECT_CONVERSION = YES_AGGRESSIVE;
				CLANG_CXX_LANGUAGE_STANDARD = "gnu++14";
				CLANG_CXX_LIBRARY = "libc++";
				CLANG_ENABLE_MODULES = YES;
				CLANG_ENABLE_OBJC_ARC = YES;
				CLANG_ENABLE_OBJC_WEAK = YES;
				CLANG_WARN_BLOCK_CAPTURE_AUTORELEASING = YES;
				CLANG_WARN_BOOL_CONVERSION = YES;
				CLANG_WARN_COMMA = YES;
				CLANG_WARN_CONSTANT_CONVERSION = YES;
				CLANG_WARN_DEPRECATED_OBJC_IMPLEMENTATIONS = YES;
				CLANG_WARN_DIRECT_OBJC_ISA_USAGE = YES_ERROR;
				CLANG_WARN_DOCUMENTATION_COMMENTS = YES;
				CLANG_WARN_EMPTY_BODY = YES;
				CLANG_WARN_ENUM_CONVERSION = YES;
				CLANG_WARN_INFINITE_RECURSION = YES;
				CLANG_WARN_INT_CONVERSION = YES;
				CLANG_WARN_NON_LITERAL_NULL_CONVERSION = YES;
				CLANG_WARN_OBJC_IMPLICIT_RETAIN_SELF = YES;
				CLANG_WARN_OBJC_LITERAL_CONVERSION = YES;
				CLANG_WARN_OBJC_ROOT_CLASS = YES_ERROR;
				CLANG_WARN_QUOTED_INCLUDE_IN_FRAMEWORK_HEADER = YES;
				CLANG_WARN_RANGE_LOOP_ANALYSIS = YES;
				CLANG_WARN_STRICT_PROTOTYPES = YES;
				CLANG_WARN_SUSPICIOUS_MOVE = YES;
				CLANG_WARN_UNGUARDED_AVAILABILITY = YES_AGGRESSIVE;
				CLANG_WARN_UNREACHABLE_CODE = YES;
				CLANG_WARN__DUPLICATE_METHOD_MATCH = YES;
				COPY_PHASE_STRIP = NO;
				DEBUG_INFORMATION_FORMAT = "dwarf-with-dsym";
				ENABLE_NS_ASSERTIONS = NO;
				ENABLE_STRICT_OBJC_MSGSEND = YES;
				GCC_C_LANGUAGE_STANDARD = gnu11;
				GCC_NO_COMMON_BLOCKS = YES;
				GCC_WARN_64_TO_32_BIT_CONVERSION = YES;
				GCC_WARN_ABOUT_RETURN_TYPE = YES_ERROR;
				GCC_WARN_UNDECLARED_SELECTOR = YES;
				GCC_WARN_UNINITIALIZED_AUTOS = YES_AGGRESSIVE;
				GCC_WARN_UNUSED_FUNCTION = YES;
				GCC_WARN_UNUSED_VARIABLE = YES;
				IPHONEOS_DEPLOYMENT_TARGET = 14.3;
				MTL_ENABLE_DEBUG_INFO = NO;
				MTL_FAST_MATH = YES;
				SDKROOT = iphoneos;
				SWIFT_COMPILATION_MODE = wholemodule;
				SWIFT_OPTIMIZATION_LEVEL = "-O";
				VALIDATE_PRODUCT = YES;
			};
			name = Release;
		};
		967388A22751EDC200AC9280 /* Debug */ = {
			isa = XCBuildConfiguration;
			buildSettings = {
				ASSETCATALOG_COMPILER_APPICON_NAME = AppIcon;
				ASSETCATALOG_COMPILER_GLOBAL_ACCENT_COLOR_NAME = AccentColor;
				CODE_SIGN_STYLE = Automatic;
				INFOPLIST_FILE = Nimble/Info.plist;
				IPHONEOS_DEPLOYMENT_TARGET = 10.0;
				LD_RUNPATH_SEARCH_PATHS = (
					"$(inherited)",
					"@executable_path/Frameworks",
				);
				PRODUCT_BUNDLE_IDENTIFIER = com.abdul.Nimble;
				PRODUCT_NAME = "$(TARGET_NAME)";
				SWIFT_VERSION = 5.0;
				TARGETED_DEVICE_FAMILY = 1;
			};
			name = Debug;
		};
		967388A32751EDC200AC9280 /* Release */ = {
			isa = XCBuildConfiguration;
			buildSettings = {
				ASSETCATALOG_COMPILER_APPICON_NAME = AppIcon;
				ASSETCATALOG_COMPILER_GLOBAL_ACCENT_COLOR_NAME = AccentColor;
				CODE_SIGN_STYLE = Automatic;
				INFOPLIST_FILE = Nimble/Info.plist;
				IPHONEOS_DEPLOYMENT_TARGET = 10.0;
				LD_RUNPATH_SEARCH_PATHS = (
					"$(inherited)",
					"@executable_path/Frameworks",
				);
				PRODUCT_BUNDLE_IDENTIFIER = com.abdul.Nimble;
				PRODUCT_NAME = "$(TARGET_NAME)";
				SWIFT_VERSION = 5.0;
				TARGETED_DEVICE_FAMILY = 1;
			};
			name = Release;
		};
		967388A52751EDC200AC9280 /* Debug */ = {
			isa = XCBuildConfiguration;
			buildSettings = {
				ALWAYS_EMBED_SWIFT_STANDARD_LIBRARIES = YES;
				BUNDLE_LOADER = "$(TEST_HOST)";
				CODE_SIGN_STYLE = Automatic;
				INFOPLIST_FILE = NimbleTests/Info.plist;
				IPHONEOS_DEPLOYMENT_TARGET = 14.3;
				LD_RUNPATH_SEARCH_PATHS = (
					"$(inherited)",
					"@executable_path/Frameworks",
					"@loader_path/Frameworks",
				);
				PRODUCT_BUNDLE_IDENTIFIER = com.abdul.NimbleTests;
				PRODUCT_NAME = "$(TARGET_NAME)";
				SWIFT_VERSION = 5.0;
				TARGETED_DEVICE_FAMILY = "1,2";
				TEST_HOST = "$(BUILT_PRODUCTS_DIR)/Nimble.app/Nimble";
			};
			name = Debug;
		};
		967388A62751EDC200AC9280 /* Release */ = {
			isa = XCBuildConfiguration;
			buildSettings = {
				ALWAYS_EMBED_SWIFT_STANDARD_LIBRARIES = YES;
				BUNDLE_LOADER = "$(TEST_HOST)";
				CODE_SIGN_STYLE = Automatic;
				INFOPLIST_FILE = NimbleTests/Info.plist;
				IPHONEOS_DEPLOYMENT_TARGET = 14.3;
				LD_RUNPATH_SEARCH_PATHS = (
					"$(inherited)",
					"@executable_path/Frameworks",
					"@loader_path/Frameworks",
				);
				PRODUCT_BUNDLE_IDENTIFIER = com.abdul.NimbleTests;
				PRODUCT_NAME = "$(TARGET_NAME)";
				SWIFT_VERSION = 5.0;
				TARGETED_DEVICE_FAMILY = "1,2";
				TEST_HOST = "$(BUILT_PRODUCTS_DIR)/Nimble.app/Nimble";
			};
			name = Release;
		};
		967388A82751EDC200AC9280 /* Debug */ = {
			isa = XCBuildConfiguration;
			buildSettings = {
				ALWAYS_EMBED_SWIFT_STANDARD_LIBRARIES = YES;
				CODE_SIGN_STYLE = Automatic;
				INFOPLIST_FILE = NimbleUITests/Info.plist;
				LD_RUNPATH_SEARCH_PATHS = (
					"$(inherited)",
					"@executable_path/Frameworks",
					"@loader_path/Frameworks",
				);
				PRODUCT_BUNDLE_IDENTIFIER = com.abdul.NimbleUITests;
				PRODUCT_NAME = "$(TARGET_NAME)";
				SWIFT_VERSION = 5.0;
				TARGETED_DEVICE_FAMILY = "1,2";
				TEST_TARGET_NAME = Nimble;
			};
			name = Debug;
		};
		967388A92751EDC200AC9280 /* Release */ = {
			isa = XCBuildConfiguration;
			buildSettings = {
				ALWAYS_EMBED_SWIFT_STANDARD_LIBRARIES = YES;
				CODE_SIGN_STYLE = Automatic;
				INFOPLIST_FILE = NimbleUITests/Info.plist;
				LD_RUNPATH_SEARCH_PATHS = (
					"$(inherited)",
					"@executable_path/Frameworks",
					"@loader_path/Frameworks",
				);
				PRODUCT_BUNDLE_IDENTIFIER = com.abdul.NimbleUITests;
				PRODUCT_NAME = "$(TARGET_NAME)";
				SWIFT_VERSION = 5.0;
				TARGETED_DEVICE_FAMILY = "1,2";
				TEST_TARGET_NAME = Nimble;
			};
			name = Release;
		};
/* End XCBuildConfiguration section */

/* Begin XCConfigurationList section */
		967388722751EDBA00AC9280 /* Build configuration list for PBXProject "Nimble" */ = {
			isa = XCConfigurationList;
			buildConfigurations = (
				9673889F2751EDC200AC9280 /* Debug */,
				967388A02751EDC200AC9280 /* Release */,
			);
			defaultConfigurationIsVisible = 0;
			defaultConfigurationName = Release;
		};
		967388A12751EDC200AC9280 /* Build configuration list for PBXNativeTarget "Nimble" */ = {
			isa = XCConfigurationList;
			buildConfigurations = (
				967388A22751EDC200AC9280 /* Debug */,
				967388A32751EDC200AC9280 /* Release */,
			);
			defaultConfigurationIsVisible = 0;
			defaultConfigurationName = Release;
		};
		967388A42751EDC200AC9280 /* Build configuration list for PBXNativeTarget "NimbleTests" */ = {
			isa = XCConfigurationList;
			buildConfigurations = (
				967388A52751EDC200AC9280 /* Debug */,
				967388A62751EDC200AC9280 /* Release */,
			);
			defaultConfigurationIsVisible = 0;
			defaultConfigurationName = Release;
		};
		967388A72751EDC200AC9280 /* Build configuration list for PBXNativeTarget "NimbleUITests" */ = {
			isa = XCConfigurationList;
			buildConfigurations = (
				967388A82751EDC200AC9280 /* Debug */,
				967388A92751EDC200AC9280 /* Release */,
			);
			defaultConfigurationIsVisible = 0;
			defaultConfigurationName = Release;
		};
/* End XCConfigurationList section */
	};
	rootObject = 9673886F2751EDBA00AC9280 /* Project object */;
}
